// !$*UTF8*$!
{
	archiveVersion = 1;
	classes = {
	};
	objectVersion = 50;
	objects = {

/* Begin PBXBuildFile section */
		1A3344A323B90A13004125FB /* AppDelegate.swift in Sources */ = {isa = PBXBuildFile; fileRef = 1A3344A223B90A13004125FB /* AppDelegate.swift */; };
		1A3344A523B90A13004125FB /* SceneDelegate.swift in Sources */ = {isa = PBXBuildFile; fileRef = 1A3344A423B90A13004125FB /* SceneDelegate.swift */; };
		1A3344A723B90A13004125FB /* ViewController.swift in Sources */ = {isa = PBXBuildFile; fileRef = 1A3344A623B90A13004125FB /* ViewController.swift */; };
		1A3344AA23B90A13004125FB /* Main.storyboard in Resources */ = {isa = PBXBuildFile; fileRef = 1A3344A823B90A13004125FB /* Main.storyboard */; };
		1A3344AC23B90A15004125FB /* Assets.xcassets in Resources */ = {isa = PBXBuildFile; fileRef = 1A3344AB23B90A15004125FB /* Assets.xcassets */; };
		1A3344AF23B90A15004125FB /* LaunchScreen.storyboard in Resources */ = {isa = PBXBuildFile; fileRef = 1A3344AD23B90A15004125FB /* LaunchScreen.storyboard */; };
		1A3344BA23B90A15004125FB /* DiceTests.swift in Sources */ = {isa = PBXBuildFile; fileRef = 1A3344B923B90A15004125FB /* DiceTests.swift */; };
		1A3344C523B90A16004125FB /* DiceUITests.swift in Sources */ = {isa = PBXBuildFile; fileRef = 1A3344C423B90A16004125FB /* DiceUITests.swift */; };
/* End PBXBuildFile section */

/* Begin PBXContainerItemProxy section */
		1A3344B623B90A15004125FB /* PBXContainerItemProxy */ = {
			isa = PBXContainerItemProxy;
			containerPortal = 1A33449723B90A13004125FB /* Project object */;
			proxyType = 1;
			remoteGlobalIDString = 1A33449E23B90A13004125FB;
			remoteInfo = Dice;
		};
		1A3344C123B90A16004125FB /* PBXContainerItemProxy */ = {
			isa = PBXContainerItemProxy;
			containerPortal = 1A33449723B90A13004125FB /* Project object */;
			proxyType = 1;
			remoteGlobalIDString = 1A33449E23B90A13004125FB;
			remoteInfo = Dice;
		};
/* End PBXContainerItemProxy section */

/* Begin PBXFileReference section */
		1A33449F23B90A13004125FB /* Dice.app */ = {isa = PBXFileReference; explicitFileType = wrapper.application; includeInIndex = 0; path = Dice.app; sourceTree = BUILT_PRODUCTS_DIR; };
		1A3344A223B90A13004125FB /* AppDelegate.swift */ = {isa = PBXFileReference; lastKnownFileType = sourcecode.swift; path = AppDelegate.swift; sourceTree = "<group>"; };
		1A3344A423B90A13004125FB /* SceneDelegate.swift */ = {isa = PBXFileReference; lastKnownFileType = sourcecode.swift; path = SceneDelegate.swift; sourceTree = "<group>"; };
		1A3344A623B90A13004125FB /* ViewController.swift */ = {isa = PBXFileReference; lastKnownFileType = sourcecode.swift; path = ViewController.swift; sourceTree = "<group>"; };
		1A3344A923B90A13004125FB /* Base */ = {isa = PBXFileReference; lastKnownFileType = file.storyboard; name = Base; path = Base.lproj/Main.storyboard; sourceTree = "<group>"; };
		1A3344AB23B90A15004125FB /* Assets.xcassets */ = {isa = PBXFileReference; lastKnownFileType = folder.assetcatalog; path = Assets.xcassets; sourceTree = "<group>"; };
		1A3344AE23B90A15004125FB /* Base */ = {isa = PBXFileReference; lastKnownFileType = file.storyboard; name = Base; path = Base.lproj/LaunchScreen.storyboard; sourceTree = "<group>"; };
		1A3344B023B90A15004125FB /* Info.plist */ = {isa = PBXFileReference; lastKnownFileType = text.plist.xml; path = Info.plist; sourceTree = "<group>"; };
		1A3344B523B90A15004125FB /* DiceTests.xctest */ = {isa = PBXFileReference; explicitFileType = wrapper.cfbundle; includeInIndex = 0; path = DiceTests.xctest; sourceTree = BUILT_PRODUCTS_DIR; };
		1A3344B923B90A15004125FB /* DiceTests.swift */ = {isa = PBXFileReference; lastKnownFileType = sourcecode.swift; path = DiceTests.swift; sourceTree = "<group>"; };
		1A3344BB23B90A15004125FB /* Info.plist */ = {isa = PBXFileReference; lastKnownFileType = text.plist.xml; path = Info.plist; sourceTree = "<group>"; };
		1A3344C023B90A16004125FB /* DiceUITests.xctest */ = {isa = PBXFileReference; explicitFileType = wrapper.cfbundle; includeInIndex = 0; path = DiceUITests.xctest; sourceTree = BUILT_PRODUCTS_DIR; };
		1A3344C423B90A16004125FB /* DiceUITests.swift */ = {isa = PBXFileReference; lastKnownFileType = sourcecode.swift; path = DiceUITests.swift; sourceTree = "<group>"; };
		1A3344C623B90A16004125FB /* Info.plist */ = {isa = PBXFileReference; lastKnownFileType = text.plist.xml; path = Info.plist; sourceTree = "<group>"; };
/* End PBXFileReference section */

/* Begin PBXFrameworksBuildPhase section */
		1A33449C23B90A13004125FB /* Frameworks */ = {
			isa = PBXFrameworksBuildPhase;
			buildActionMask = 2147483647;
			files = (
			);
			runOnlyForDeploymentPostprocessing = 0;
		};
		1A3344B223B90A15004125FB /* Frameworks */ = {
			isa = PBXFrameworksBuildPhase;
			buildActionMask = 2147483647;
			files = (
			);
			runOnlyForDeploymentPostprocessing = 0;
		};
		1A3344BD23B90A16004125FB /* Frameworks */ = {
			isa = PBXFrameworksBuildPhase;
			buildActionMask = 2147483647;
			files = (
			);
			runOnlyForDeploymentPostprocessing = 0;
		};
/* End PBXFrameworksBuildPhase section */

/* Begin PBXGroup section */
		1A33449623B90A13004125FB = {
			isa = PBXGroup;
			children = (
				1A3344A123B90A13004125FB /* Dice */,
				1A3344B823B90A15004125FB /* DiceTests */,
				1A3344C323B90A16004125FB /* DiceUITests */,
				1A3344A023B90A13004125FB /* Products */,
			);
			sourceTree = "<group>";
		};
		1A3344A023B90A13004125FB /* Products */ = {
			isa = PBXGroup;
			children = (
				1A33449F23B90A13004125FB /* Dice.app */,
				1A3344B523B90A15004125FB /* DiceTests.xctest */,
				1A3344C023B90A16004125FB /* DiceUITests.xctest */,
			);
			name = Products;
			sourceTree = "<group>";
		};
		1A3344A123B90A13004125FB /* Dice */ = {
			isa = PBXGroup;
			children = (
				1A3344A223B90A13004125FB /* AppDelegate.swift */,
				1A3344A423B90A13004125FB /* SceneDelegate.swift */,
				1A3344A623B90A13004125FB /* ViewController.swift */,
				1A3344A823B90A13004125FB /* Main.storyboard */,
				1A3344AB23B90A15004125FB /* Assets.xcassets */,
				1A3344AD23B90A15004125FB /* LaunchScreen.storyboard */,
				1A3344B023B90A15004125FB /* Info.plist */,
			);
			path = Dice;
			sourceTree = "<group>";
		};
		1A3344B823B90A15004125FB /* DiceTests */ = {
			isa = PBXGroup;
			children = (
				1A3344B923B90A15004125FB /* DiceTests.swift */,
				1A3344BB23B90A15004125FB /* Info.plist */,
			);
			path = DiceTests;
			sourceTree = "<group>";
		};
		1A3344C323B90A16004125FB /* DiceUITests */ = {
			isa = PBXGroup;
			children = (
				1A3344C423B90A16004125FB /* DiceUITests.swift */,
				1A3344C623B90A16004125FB /* Info.plist */,
			);
			path = DiceUITests;
			sourceTree = "<group>";
		};
/* End PBXGroup section */

/* Begin PBXNativeTarget section */
		1A33449E23B90A13004125FB /* Dice */ = {
			isa = PBXNativeTarget;
			buildConfigurationList = 1A3344C923B90A16004125FB /* Build configuration list for PBXNativeTarget "Dice" */;
			buildPhases = (
				1A33449B23B90A13004125FB /* Sources */,
				1A33449C23B90A13004125FB /* Frameworks */,
				1A33449D23B90A13004125FB /* Resources */,
			);
			buildRules = (
			);
			dependencies = (
			);
			name = Dice;
			productName = Dice;
			productReference = 1A33449F23B90A13004125FB /* Dice.app */;
			productType = "com.apple.product-type.application";
		};
		1A3344B423B90A15004125FB /* DiceTests */ = {
			isa = PBXNativeTarget;
			buildConfigurationList = 1A3344CC23B90A16004125FB /* Build configuration list for PBXNativeTarget "DiceTests" */;
			buildPhases = (
				1A3344B123B90A15004125FB /* Sources */,
				1A3344B223B90A15004125FB /* Frameworks */,
				1A3344B323B90A15004125FB /* Resources */,
			);
			buildRules = (
			);
			dependencies = (
				1A3344B723B90A15004125FB /* PBXTargetDependency */,
			);
			name = DiceTests;
			productName = DiceTests;
			productReference = 1A3344B523B90A15004125FB /* DiceTests.xctest */;
			productType = "com.apple.product-type.bundle.unit-test";
		};
		1A3344BF23B90A16004125FB /* DiceUITests */ = {
			isa = PBXNativeTarget;
			buildConfigurationList = 1A3344CF23B90A16004125FB /* Build configuration list for PBXNativeTarget "DiceUITests" */;
			buildPhases = (
				1A3344BC23B90A16004125FB /* Sources */,
				1A3344BD23B90A16004125FB /* Frameworks */,
				1A3344BE23B90A16004125FB /* Resources */,
			);
			buildRules = (
			);
			dependencies = (
				1A3344C223B90A16004125FB /* PBXTargetDependency */,
			);
			name = DiceUITests;
			productName = DiceUITests;
			productReference = 1A3344C023B90A16004125FB /* DiceUITests.xctest */;
			productType = "com.apple.product-type.bundle.ui-testing";
		};
/* End PBXNativeTarget section */

/* Begin PBXProject section */
		1A33449723B90A13004125FB /* Project object */ = {
			isa = PBXProject;
			attributes = {
				LastSwiftUpdateCheck = 1130;
				LastUpgradeCheck = 1130;
				ORGANIZATIONNAME = "Visarut Tippun";
				TargetAttributes = {
					1A33449E23B90A13004125FB = {
						CreatedOnToolsVersion = 11.3;
					};
					1A3344B423B90A15004125FB = {
						CreatedOnToolsVersion = 11.3;
						TestTargetID = 1A33449E23B90A13004125FB;
					};
					1A3344BF23B90A16004125FB = {
						CreatedOnToolsVersion = 11.3;
						TestTargetID = 1A33449E23B90A13004125FB;
					};
				};
			};
			buildConfigurationList = 1A33449A23B90A13004125FB /* Build configuration list for PBXProject "Dice" */;
			compatibilityVersion = "Xcode 9.3";
			developmentRegion = en;
			hasScannedForEncodings = 0;
			knownRegions = (
				en,
				Base,
			);
			mainGroup = 1A33449623B90A13004125FB;
			productRefGroup = 1A3344A023B90A13004125FB /* Products */;
			projectDirPath = "";
			projectRoot = "";
			targets = (
				1A33449E23B90A13004125FB /* Dice */,
				1A3344B423B90A15004125FB /* DiceTests */,
				1A3344BF23B90A16004125FB /* DiceUITests */,
			);
		};
/* End PBXProject section */

/* Begin PBXResourcesBuildPhase section */
		1A33449D23B90A13004125FB /* Resources */ = {
			isa = PBXResourcesBuildPhase;
			buildActionMask = 2147483647;
			files = (
				1A3344AF23B90A15004125FB /* LaunchScreen.storyboard in Resources */,
				1A3344AC23B90A15004125FB /* Assets.xcassets in Resources */,
				1A3344AA23B90A13004125FB /* Main.storyboard in Resources */,
			);
			runOnlyForDeploymentPostprocessing = 0;
		};
		1A3344B323B90A15004125FB /* Resources */ = {
			isa = PBXResourcesBuildPhase;
			buildActionMask = 2147483647;
			files = (
			);
			runOnlyForDeploymentPostprocessing = 0;
		};
		1A3344BE23B90A16004125FB /* Resources */ = {
			isa = PBXResourcesBuildPhase;
			buildActionMask = 2147483647;
			files = (
			);
			runOnlyForDeploymentPostprocessing = 0;
		};
/* End PBXResourcesBuildPhase section */

/* Begin PBXSourcesBuildPhase section */
		1A33449B23B90A13004125FB /* Sources */ = {
			isa = PBXSourcesBuildPhase;
			buildActionMask = 2147483647;
			files = (
				1A3344A723B90A13004125FB /* ViewController.swift in Sources */,
				1A3344A323B90A13004125FB /* AppDelegate.swift in Sources */,
				1A3344A523B90A13004125FB /* SceneDelegate.swift in Sources */,
			);
			runOnlyForDeploymentPostprocessing = 0;
		};
		1A3344B123B90A15004125FB /* Sources */ = {
			isa = PBXSourcesBuildPhase;
			buildActionMask = 2147483647;
			files = (
				1A3344BA23B90A15004125FB /* DiceTests.swift in Sources */,
			);
			runOnlyForDeploymentPostprocessing = 0;
		};
		1A3344BC23B90A16004125FB /* Sources */ = {
			isa = PBXSourcesBuildPhase;
			buildActionMask = 2147483647;
			files = (
				1A3344C523B90A16004125FB /* DiceUITests.swift in Sources */,
			);
			runOnlyForDeploymentPostprocessing = 0;
		};
/* End PBXSourcesBuildPhase section */

/* Begin PBXTargetDependency section */
		1A3344B723B90A15004125FB /* PBXTargetDependency */ = {
			isa = PBXTargetDependency;
			target = 1A33449E23B90A13004125FB /* Dice */;
			targetProxy = 1A3344B623B90A15004125FB /* PBXContainerItemProxy */;
		};
		1A3344C223B90A16004125FB /* PBXTargetDependency */ = {
			isa = PBXTargetDependency;
			target = 1A33449E23B90A13004125FB /* Dice */;
			targetProxy = 1A3344C123B90A16004125FB /* PBXContainerItemProxy */;
		};
/* End PBXTargetDependency section */

/* Begin PBXVariantGroup section */
		1A3344A823B90A13004125FB /* Main.storyboard */ = {
			isa = PBXVariantGroup;
			children = (
				1A3344A923B90A13004125FB /* Base */,
			);
			name = Main.storyboard;
			sourceTree = "<group>";
		};
		1A3344AD23B90A15004125FB /* LaunchScreen.storyboard */ = {
			isa = PBXVariantGroup;
			children = (
				1A3344AE23B90A15004125FB /* Base */,
			);
			name = LaunchScreen.storyboard;
			sourceTree = "<group>";
		};
/* End PBXVariantGroup section */

/* Begin XCBuildConfiguration section */
		1A3344C723B90A16004125FB /* Debug */ = {
			isa = XCBuildConfiguration;
			buildSettings = {
				ALWAYS_SEARCH_USER_PATHS = NO;
				CLANG_ANALYZER_NONNULL = YES;
				CLANG_ANALYZER_NUMBER_OBJECT_CONVERSION = YES_AGGRESSIVE;
				CLANG_CXX_LANGUAGE_STANDARD = "gnu++14";
				CLANG_CXX_LIBRARY = "libc++";
				CLANG_ENABLE_MODULES = YES;
				CLANG_ENABLE_OBJC_ARC = YES;
				CLANG_ENABLE_OBJC_WEAK = YES;
				CLANG_WARN_BLOCK_CAPTURE_AUTORELEASING = YES;
				CLANG_WARN_BOOL_CONVERSION = YES;
				CLANG_WARN_COMMA = YES;
				CLANG_WARN_CONSTANT_CONVERSION = YES;
				CLANG_WARN_DEPRECATED_OBJC_IMPLEMENTATIONS = YES;
				CLANG_WARN_DIRECT_OBJC_ISA_USAGE = YES_ERROR;
				CLANG_WARN_DOCUMENTATION_COMMENTS = YES;
				CLANG_WARN_EMPTY_BODY = YES;
				CLANG_WARN_ENUM_CONVERSION = YES;
				CLANG_WARN_INFINITE_RECURSION = YES;
				CLANG_WARN_INT_CONVERSION = YES;
				CLANG_WARN_NON_LITERAL_NULL_CONVERSION = YES;
				CLANG_WARN_OBJC_IMPLICIT_RETAIN_SELF = YES;
				CLANG_WARN_OBJC_LITERAL_CONVERSION = YES;
				CLANG_WARN_OBJC_ROOT_CLASS = YES_ERROR;
				CLANG_WARN_RANGE_LOOP_ANALYSIS = YES;
				CLANG_WARN_STRICT_PROTOTYPES = YES;
				CLANG_WARN_SUSPICIOUS_MOVE = YES;
				CLANG_WARN_UNGUARDED_AVAILABILITY = YES_AGGRESSIVE;
				CLANG_WARN_UNREACHABLE_CODE = YES;
				CLANG_WARN__DUPLICATE_METHOD_MATCH = YES;
				COPY_PHASE_STRIP = NO;
				DEBUG_INFORMATION_FORMAT = dwarf;
				ENABLE_STRICT_OBJC_MSGSEND = YES;
				ENABLE_TESTABILITY = YES;
				GCC_C_LANGUAGE_STANDARD = gnu11;
				GCC_DYNAMIC_NO_PIC = NO;
				GCC_NO_COMMON_BLOCKS = YES;
				GCC_OPTIMIZATION_LEVEL = 0;
				GCC_PREPROCESSOR_DEFINITIONS = (
					"DEBUG=1",
					"$(inherited)",
				);
				GCC_WARN_64_TO_32_BIT_CONVERSION = YES;
				GCC_WARN_ABOUT_RETURN_TYPE = YES_ERROR;
				GCC_WARN_UNDECLARED_SELECTOR = YES;
				GCC_WARN_UNINITIALIZED_AUTOS = YES_AGGRESSIVE;
				GCC_WARN_UNUSED_FUNCTION = YES;
				GCC_WARN_UNUSED_VARIABLE = YES;
				IPHONEOS_DEPLOYMENT_TARGET = 13.2;
				MTL_ENABLE_DEBUG_INFO = INCLUDE_SOURCE;
				MTL_FAST_MATH = YES;
				ONLY_ACTIVE_ARCH = YES;
				SDKROOT = iphoneos;
				SWIFT_ACTIVE_COMPILATION_CONDITIONS = DEBUG;
				SWIFT_OPTIMIZATION_LEVEL = "-Onone";
			};
			name = Debug;
		};
		1A3344C823B90A16004125FB /* Release */ = {
			isa = XCBuildConfiguration;
			buildSettings = {
				ALWAYS_SEARCH_USER_PATHS = NO;
				CLANG_ANALYZER_NONNULL = YES;
				CLANG_ANALYZER_NUMBER_OBJECT_CONVERSION = YES_AGGRESSIVE;
				CLANG_CXX_LANGUAGE_STANDARD = "gnu++14";
				CLANG_CXX_LIBRARY = "libc++";
				CLANG_ENABLE_MODULES = YES;
				CLANG_ENABLE_OBJC_ARC = YES;
				CLANG_ENABLE_OBJC_WEAK = YES;
				CLANG_WARN_BLOCK_CAPTURE_AUTORELEASING = YES;
				CLANG_WARN_BOOL_CONVERSION = YES;
				CLANG_WARN_COMMA = YES;
				CLANG_WARN_CONSTANT_CONVERSION = YES;
				CLANG_WARN_DEPRECATED_OBJC_IMPLEMENTATIONS = YES;
				CLANG_WARN_DIRECT_OBJC_ISA_USAGE = YES_ERROR;
				CLANG_WARN_DOCUMENTATION_COMMENTS = YES;
				CLANG_WARN_EMPTY_BODY = YES;
				CLANG_WARN_ENUM_CONVERSION = YES;
				CLANG_WARN_INFINITE_RECURSION = YES;
				CLANG_WARN_INT_CONVERSION = YES;
				CLANG_WARN_NON_LITERAL_NULL_CONVERSION = YES;
				CLANG_WARN_OBJC_IMPLICIT_RETAIN_SELF = YES;
				CLANG_WARN_OBJC_LITERAL_CONVERSION = YES;
				CLANG_WARN_OBJC_ROOT_CLASS = YES_ERROR;
				CLANG_WARN_RANGE_LOOP_ANALYSIS = YES;
				CLANG_WARN_STRICT_PROTOTYPES = YES;
				CLANG_WARN_SUSPICIOUS_MOVE = YES;
				CLANG_WARN_UNGUARDED_AVAILABILITY = YES_AGGRESSIVE;
				CLANG_WARN_UNREACHABLE_CODE = YES;
				CLANG_WARN__DUPLICATE_METHOD_MATCH = YES;
				COPY_PHASE_STRIP = NO;
				DEBUG_INFORMATION_FORMAT = "dwarf-with-dsym";
				ENABLE_NS_ASSERTIONS = NO;
				ENABLE_STRICT_OBJC_MSGSEND = YES;
				GCC_C_LANGUAGE_STANDARD = gnu11;
				GCC_NO_COMMON_BLOCKS = YES;
				GCC_WARN_64_TO_32_BIT_CONVERSION = YES;
				GCC_WARN_ABOUT_RETURN_TYPE = YES_ERROR;
				GCC_WARN_UNDECLARED_SELECTOR = YES;
				GCC_WARN_UNINITIALIZED_AUTOS = YES_AGGRESSIVE;
				GCC_WARN_UNUSED_FUNCTION = YES;
				GCC_WARN_UNUSED_VARIABLE = YES;
				IPHONEOS_DEPLOYMENT_TARGET = 13.2;
				MTL_ENABLE_DEBUG_INFO = NO;
				MTL_FAST_MATH = YES;
				SDKROOT = iphoneos;
				SWIFT_COMPILATION_MODE = wholemodule;
				SWIFT_OPTIMIZATION_LEVEL = "-O";
				VALIDATE_PRODUCT = YES;
			};
			name = Release;
		};
		1A3344CA23B90A16004125FB /* Debug */ = {
			isa = XCBuildConfiguration;
			buildSettings = {
				ASSETCATALOG_COMPILER_APPICON_NAME = AppIcon;
				CODE_SIGN_STYLE = Automatic;
				INFOPLIST_FILE = Dice/Info.plist;
				LD_RUNPATH_SEARCH_PATHS = (
					"$(inherited)",
					"@executable_path/Frameworks",
				);
				PRODUCT_BUNDLE_IDENTIFIER = com.knot.Dice;
				PRODUCT_NAME = "$(TARGET_NAME)";
				SWIFT_VERSION = 5.0;
				TARGETED_DEVICE_FAMILY = 1;
			};
			name = Debug;
		};
		1A3344CB23B90A16004125FB /* Release */ = {
			isa = XCBuildConfiguration;
			buildSettings = {
				ASSETCATALOG_COMPILER_APPICON_NAME = AppIcon;
				CODE_SIGN_STYLE = Automatic;
				INFOPLIST_FILE = Dice/Info.plist;
				LD_RUNPATH_SEARCH_PATHS = (
					"$(inherited)",
					"@executable_path/Frameworks",
				);
				PRODUCT_BUNDLE_IDENTIFIER = com.knot.Dice;
				PRODUCT_NAME = "$(TARGET_NAME)";
				SWIFT_VERSION = 5.0;
				TARGETED_DEVICE_FAMILY = 1;
			};
			name = Release;
		};
		1A3344CD23B90A16004125FB /* Debug */ = {
			isa = XCBuildConfiguration;
			buildSettings = {
				ALWAYS_EMBED_SWIFT_STANDARD_LIBRARIES = YES;
				BUNDLE_LOADER = "$(TEST_HOST)";
				CODE_SIGN_STYLE = Automatic;
				INFOPLIST_FILE = DiceTests/Info.plist;
				IPHONEOS_DEPLOYMENT_TARGET = 13.2;
				LD_RUNPATH_SEARCH_PATHS = (
					"$(inherited)",
					"@executable_path/Frameworks",
					"@loader_path/Frameworks",
				);
				PRODUCT_BUNDLE_IDENTIFIER = com.knot.DiceTests;
				PRODUCT_NAME = "$(TARGET_NAME)";
				SWIFT_VERSION = 5.0;
				TARGETED_DEVICE_FAMILY = "1,2";
				TEST_HOST = "$(BUILT_PRODUCTS_DIR)/Dice.app/Dice";
			};
			name = Debug;
		};
		1A3344CE23B90A16004125FB /* Release */ = {
			isa = XCBuildConfiguration;
			buildSettings = {
				ALWAYS_EMBED_SWIFT_STANDARD_LIBRARIES = YES;
				BUNDLE_LOADER = "$(TEST_HOST)";
				CODE_SIGN_STYLE = Automatic;
				INFOPLIST_FILE = DiceTests/Info.plist;
				IPHONEOS_DEPLOYMENT_TARGET = 13.2;
				LD_RUNPATH_SEARCH_PATHS = (
					"$(inherited)",
					"@executable_path/Frameworks",
					"@loader_path/Frameworks",
				);
				PRODUCT_BUNDLE_IDENTIFIER = com.knot.DiceTests;
				PRODUCT_NAME = "$(TARGET_NAME)";
				SWIFT_VERSION = 5.0;
				TARGETED_DEVICE_FAMILY = "1,2";
				TEST_HOST = "$(BUILT_PRODUCTS_DIR)/Dice.app/Dice";
			};
			name = Release;
		};
		1A3344D023B90A16004125FB /* Debug */ = {
			isa = XCBuildConfiguration;
			buildSettings = {
				ALWAYS_EMBED_SWIFT_STANDARD_LIBRARIES = YES;
				CODE_SIGN_STYLE = Automatic;
				INFOPLIST_FILE = DiceUITests/Info.plist;
				LD_RUNPATH_SEARCH_PATHS = (
					"$(inherited)",
					"@executable_path/Frameworks",
					"@loader_path/Frameworks",
				);
				PRODUCT_BUNDLE_IDENTIFIER = com.knot.DiceUITests;
				PRODUCT_NAME = "$(TARGET_NAME)";
				SWIFT_VERSION = 5.0;
				TARGETED_DEVICE_FAMILY = "1,2";
				TEST_TARGET_NAME = Dice;
			};
			name = Debug;
		};
		1A3344D123B90A16004125FB /* Release */ = {
			isa = XCBuildConfiguration;
			buildSettings = {
				ALWAYS_EMBED_SWIFT_STANDARD_LIBRARIES = YES;
				CODE_SIGN_STYLE = Automatic;
				INFOPLIST_FILE = DiceUITests/Info.plist;
				LD_RUNPATH_SEARCH_PATHS = (
					"$(inherited)",
					"@executable_path/Frameworks",
					"@loader_path/Frameworks",
				);
				PRODUCT_BUNDLE_IDENTIFIER = com.knot.DiceUITests;
				PRODUCT_NAME = "$(TARGET_NAME)";
				SWIFT_VERSION = 5.0;
				TARGETED_DEVICE_FAMILY = "1,2";
				TEST_TARGET_NAME = Dice;
			};
			name = Release;
		};
/* End XCBuildConfiguration section */

/* Begin XCConfigurationList section */
		1A33449A23B90A13004125FB /* Build configuration list for PBXProject "Dice" */ = {
			isa = XCConfigurationList;
			buildConfigurations = (
				1A3344C723B90A16004125FB /* Debug */,
				1A3344C823B90A16004125FB /* Release */,
			);
			defaultConfigurationIsVisible = 0;
			defaultConfigurationName = Release;
		};
		1A3344C923B90A16004125FB /* Build configuration list for PBXNativeTarget "Dice" */ = {
			isa = XCConfigurationList;
			buildConfigurations = (
				1A3344CA23B90A16004125FB /* Debug */,
				1A3344CB23B90A16004125FB /* Release */,
			);
			defaultConfigurationIsVisible = 0;
			defaultConfigurationName = Release;
		};
		1A3344CC23B90A16004125FB /* Build configuration list for PBXNativeTarget "DiceTests" */ = {
			isa = XCConfigurationList;
			buildConfigurations = (
				1A3344CD23B90A16004125FB /* Debug */,
				1A3344CE23B90A16004125FB /* Release */,
			);
			defaultConfigurationIsVisible = 0;
			defaultConfigurationName = Release;
		};
		1A3344CF23B90A16004125FB /* Build configuration list for PBXNativeTarget "DiceUITests" */ = {
			isa = XCConfigurationList;
			buildConfigurations = (
				1A3344D023B90A16004125FB /* Debug */,
				1A3344D123B90A16004125FB /* Release */,
			);
			defaultConfigurationIsVisible = 0;
			defaultConfigurationName = Release;
		};
/* End XCConfigurationList section */
	};
	rootObject = 1A33449723B90A13004125FB /* Project object */;
}
